
Microsoft Visual Studio Solution File, Format Version 12.00
# Visual Studio Version 17
VisualStudioVersion = 17.14.36414.22
MinimumVisualStudioVersion = 10.0.40219.1
Project("{FAE04EC0-301F-11D3-BF4B-00C04F79EFBC}") = "HendiMapper.ConsoleTest", "HendiMapper.Console\HendiMapper.ConsoleTest.csproj", "{7C6BCBC2-6A6E-40CB-90D8-23FF47738AA9}"
EndProject
Project("{FAE04EC0-301F-11D3-BF4B-00C04F79EFBC}") = "HendiMapper", "HendiMapper\HendiMapper.csproj", "{F4B82307-9B08-439A-8E2C-99F0B2B001CA}"
EndProject
Project("{FAE04EC0-301F-11D3-BF4B-00C04F79EFBC}") = "HendiMapper.Benchmark", "HendiMapper.Benchmark\HendiMapper.Benchmark.csproj", "{3123C452-A522-48FE-BF88-94A6496A2496}"
EndProject
Project("{FAE04EC0-301F-11D3-BF4B-00C04F79EFBC}") = "HendiMapper.Tests", "HendiMapper.Tests\HendiMapper.Tests.csproj", "{73CDFDFC-9294-4A75-BADB-15654D2BDD84}"
EndProject
Global
	GlobalSection(SolutionConfigurationPlatforms) = preSolution
		Debug|Any CPU = Debug|Any CPU
		Release|Any CPU = Release|Any CPU
	EndGlobalSection
	GlobalSection(ProjectConfigurationPlatforms) = postSolution
		{7C6BCBC2-6A6E-40CB-90D8-23FF47738AA9}.Debug|Any CPU.ActiveCfg = Debug|Any CPU
		{7C6BCBC2-6A6E-40CB-90D8-23FF47738AA9}.Debug|Any CPU.Build.0 = Debug|Any CPU
		{7C6BCBC2-6A6E-40CB-90D8-23FF47738AA9}.Release|Any CPU.ActiveCfg = Release|Any CPU
		{7C6BCBC2-6A6E-40CB-90D8-23FF47738AA9}.Release|Any CPU.Build.0 = Release|Any CPU
		{F4B82307-9B08-439A-8E2C-99F0B2B001CA}.Debug|Any CPU.ActiveCfg = Debug|Any CPU
		{F4B82307-9B08-439A-8E2C-99F0B2B001CA}.Debug|Any CPU.Build.0 = Debug|Any CPU
		{F4B82307-9B08-439A-8E2C-99F0B2B001CA}.Release|Any CPU.ActiveCfg = Release|Any CPU
		{F4B82307-9B08-439A-8E2C-99F0B2B001CA}.Release|Any CPU.Build.0 = Release|Any CPU
		{3123C452-A522-48FE-BF88-94A6496A2496}.Debug|Any CPU.ActiveCfg = Debug|Any CPU
		{3123C452-A522-48FE-BF88-94A6496A2496}.Debug|Any CPU.Build.0 = Debug|Any CPU
		{3123C452-A522-48FE-BF88-94A6496A2496}.Release|Any CPU.ActiveCfg = Release|Any CPU
		{3123C452-A522-48FE-BF88-94A6496A2496}.Release|Any CPU.Build.0 = Release|Any CPU
		{73CDFDFC-9294-4A75-BADB-15654D2BDD84}.Debug|Any CPU.ActiveCfg = Debug|Any CPU
		{73CDFDFC-9294-4A75-BADB-15654D2BDD84}.Debug|Any CPU.Build.0 = Debug|Any CPU
		{73CDFDFC-9294-4A75-BADB-15654D2BDD84}.Release|Any CPU.ActiveCfg = Release|Any CPU
		{73CDFDFC-9294-4A75-BADB-15654D2BDD84}.Release|Any CPU.Build.0 = Release|Any CPU
	EndGlobalSection
	GlobalSection(SolutionProperties) = preSolution
		HideSolutionNode = FALSE
	EndGlobalSection
	GlobalSection(ExtensibilityGlobals) = postSolution
		SolutionGuid = {284D1E22-E395-4EE1-9E99-567D7CABEB9F}
	EndGlobalSection
EndGlobal
